
Microsoft Visual Studio Solution File, Format Version 12.00
# Visual Studio Version 17
VisualStudioVersion = 17.5.33414.496
MinimumVisualStudioVersion = 10.0.40219.1
Project("{FAE04EC0-301F-11D3-BF4B-00C04F79EFBC}") = "Console_Constructor(Yapici)_Metot_2", "Console_Ornek_6_Constructor(Yapici)_Metot\Console_Constructor(Yapici)_Metot_2.csproj", "{0F3A38E6-52CF-4BE4-AFEB-41D4C4664888}"
EndProject
Global
	GlobalSection(SolutionConfigurationPlatforms) = preSolution
		Debug|Any CPU = Debug|Any CPU
		Release|Any CPU = Release|Any CPU
	EndGlobalSection
	GlobalSection(ProjectConfigurationPlatforms) = postSolution
		{0F3A38E6-52CF-4BE4-AFEB-41D4C4664888}.Debug|Any CPU.ActiveCfg = Debug|Any CPU
		{0F3A38E6-52CF-4BE4-AFEB-41D4C4664888}.Debug|Any CPU.Build.0 = Debug|Any CPU
		{0F3A38E6-52CF-4BE4-AFEB-41D4C4664888}.Release|Any CPU.ActiveCfg = Release|Any CPU
		{0F3A38E6-52CF-4BE4-AFEB-41D4C4664888}.Release|Any CPU.Build.0 = Release|Any CPU
	EndGlobalSection
	GlobalSection(SolutionProperties) = preSolution
		HideSolutionNode = FALSE
	EndGlobalSection
	GlobalSection(ExtensibilityGlobals) = postSolution
		SolutionGuid = {E9D76253-7044-4BD2-8900-581F0044F4B6}
	EndGlobalSection
EndGlobal
